dependencies:
- name: common
  repository: https://library-charts.truecharts.org
  version: 10.6.4
- name: promtail
  repository: https://charts.truecharts.org
  version: 3.0.55
digest: sha256:3779eaac53b29ece50de13d7c26e2454d221b8c5e68cf1ad3cd6742ea391b6e2
generated: "2022-09-27T12:07:08.207858931Z"
