dependencies:
- name: common
  repository: https://library-charts.truecharts.org
  version: 10.6.4
- name: promtail
  repository: https://charts.truecharts.org
  version: 3.0.54
digest: sha256:40a575f40c062073a64ab4780b1ea869f6694fd70f7cf5a397bec913840ec821
generated: "2022-09-27T07:17:30.20447446Z"
