dependencies:
- name: common
  repository: https://truecharts.org/
  version: 3.0.1
- name: postgres-operator-ui
  repository: https://raw.githubusercontent.com/zalando/postgres-operator/master/charts/postgres-operator-ui/
  version: 1.6.2
- name: postgres-operator
  repository: https://raw.githubusercontent.com/zalando/postgres-operator/master/charts/postgres-operator/
  version: 1.6.2
digest: sha256:00db732e8845c332e12558ebb98878edeca0504f189b04cc3005320aee695a20
generated: "2021-04-14T19:12:42.895426616Z"
