dependencies:
- name: common
  repository: https://truecharts.org/
  version: 2.2.2
- name: postgres-operator-ui
  repository: https://raw.githubusercontent.com/zalando/postgres-operator/master/charts/postgres-operator-ui/
  version: 1.6.2
- name: postgres-operator
  repository: https://raw.githubusercontent.com/zalando/postgres-operator/master/charts/postgres-operator/
  version: 1.6.2
digest: sha256:02775c4ac5a34caaaad240be40a9beae267db7c7402db331ea1924dc63d8958f
generated: "2021-04-12T17:37:01.42258593Z"
