dependencies:
- name: common
  repository: https://library-charts.truecharts.org
  version: 10.6.4
- name: mariadb
  repository: https://charts.truecharts.org/
  version: 3.0.83
- name: redis
  repository: https://charts.truecharts.org
  version: 3.0.85
digest: sha256:dc3a6d5823ddc851c6a783d658aaf4ae77937004061ebb1acbdf2fd2bc217f8f
generated: "2022-09-27T10:57:38.697811552Z"
