dependencies:
- name: common
  repository: https://library-charts.truecharts.org
  version: 10.6.4
- name: postgresql
  repository: https://charts.truecharts.org/
  version: 8.0.87
digest: sha256:01fa33d72e53049406328840f1de1b0818b8757e7c1cdf9d9ca4a099847eaaaf
generated: "2022-09-27T07:06:33.892905146Z"
