dependencies:
- name: cert-manager
  repository: https://charts.jetstack.io
  version: v1.2.0
- name: reflector
  repository: https://emberstack.github.io/helm-charts
  version: 5.4.17
digest: sha256:8ac9721e3903143f235d1536bbdfa893588f2d4bf2d7c92400a3e8fa90bb0828
generated: "2021-02-16T13:20:40.731262134Z"
