dependencies:
- name: common
  repository: https://library-charts.truecharts.org
  version: 10.6.4
- name: mariadb
  repository: https://charts.truecharts.org/
  version: 3.0.82
digest: sha256:53428716ca95d1feca96b8fa1fc4d807512bf1ac1a31f2128188cc93b0bd9b07
generated: "2022-09-27T07:27:58.690193088Z"
