dependencies:
- name: common
  repository: https://charts.truecharts.org/
  version: 1.5.0
- name: cert-manager
  repository: https://charts.jetstack.io
  version: v1.2.0
- name: reflector
  repository: https://emberstack.github.io/helm-charts
  version: 5.4.17
digest: sha256:8fe563b1ade54bddf99acee3e61574c0fdda58eecc244ca392fe0cdf39a35ac6
generated: "2021-02-28T21:40:15.180815897Z"
