dependencies:
- name: common
  repository: https://charts.truecharts.org/
  version: 1.4.0
- name: cert-manager
  repository: https://charts.jetstack.io
  version: v1.2.0
- name: reflector
  repository: https://emberstack.github.io/helm-charts
  version: 5.4.17
digest: sha256:6f78a5477aa06738c937c50826bb8d81661efae13f1832c802b9553e3c7caeb4
generated: "2021-02-28T17:19:15.360594899Z"
