dependencies:
- name: common
  repository: https://library-charts.truecharts.org
  version: 10.6.4
- name: mongodb
  repository: https://charts.truecharts.org
  version: 2.0.22
digest: sha256:3c574259c3098cd5d58c4d521280b7342f756f7eded2455738bdc24be5f48e30
generated: "2022-09-27T11:11:54.341393493Z"
