dependencies:
- name: common
  repository: https://library-charts.truecharts.org
  version: 10.6.4
- name: mongodb
  repository: https://charts.truecharts.org
  version: 2.0.21
digest: sha256:5ee4c41ba366880472b629983fee04a02ab247eb313f8eca22e1d5551615869a
generated: "2022-09-27T07:44:32.58049981Z"
