dependencies:
- name: common
  repository: https://library-charts.truecharts.org
  version: 10.6.4
- name: metallb
  repository: https://metallb.github.io/metallb
  version: 0.13.5
digest: sha256:7a95511eead6c106414a0fc40e955225dffff99610e967d8a09c91a3b74b0420
generated: "2022-09-27T05:57:26.701122073Z"
