dependencies:
- name: common
  repository: https://truecharts.org/
  version: 6.13.8
- name: postgresql
  repository: https://truecharts.org/
  version: 1.6.5
- name: memcached
  repository: https://charts.bitnami.com/bitnami
  version: 5.14.2
digest: sha256:759ce0d3bb9ec0a128549445aa2cf2da315310ae1037829506c10f5035e0272d
generated: "2021-09-08T03:13:31.129559977Z"
