dependencies:
- name: common
  repository: https://library-charts.truecharts.org
  version: 10.6.4
- name: postgresql
  repository: https://charts.truecharts.org/
  version: 8.0.88
digest: sha256:bee7f98b92a91a54525b921bbaf043b5b4330211e531d0afbf8262329bee36f5
generated: "2022-09-27T12:01:54.251007429Z"
