dependencies:
- name: common
  repository: https://library-charts.truecharts.org
  version: 10.6.4
- name: postgresql
  repository: https://charts.truecharts.org/
  version: 8.0.88
- name: redis
  repository: https://charts.truecharts.org
  version: 3.0.85
digest: sha256:30efd46858717b8c1689ca9990a510b87c2e9eb223e6297bcd93fdafbf86ec1e
generated: "2022-09-27T11:40:32.766272968Z"
