dependencies:
- name: common
  repository: https://charts.truecharts.org/
  version: 1.3.2
- name: cert-manager
  repository: https://charts.jetstack.io
  version: v1.2.0
- name: reflector
  repository: https://emberstack.github.io/helm-charts
  version: 5.4.17
digest: sha256:815e1db69133a6ee01cd97c9659dc672c3b0b324b178943301e0d19f24d7d21b
generated: "2021-02-27T20:14:21.04201407Z"
