dependencies:
- name: common
  repository: https://charts.truecharts.org/
  version: 1.6.7
- name: cert-manager
  repository: https://charts.jetstack.io
  version: v1.2.0
- name: reflector
  repository: https://emberstack.github.io/helm-charts
  version: 5.4.17
digest: sha256:52f7fd3acf117d0d78742b75cff0329bd49746fac421ee1234d4ba9c5bc7c695
generated: "2021-03-09T20:32:59.031608062Z"
