dependencies:
- name: common
  repository: https://charts.truecharts.org/
  version: 1.6.0
- name: cert-manager
  repository: https://charts.jetstack.io
  version: v1.2.0
- name: reflector
  repository: https://emberstack.github.io/helm-charts
  version: 5.4.17
digest: sha256:f19e8157e79e9dcaded4653704e5e4817d710f21dfae492ef249a993c2e9da5e
generated: "2021-03-01T17:51:49.342278548Z"
