dependencies:
- name: common
  repository: https://truecharts.org/
  version: 6.10.6
- name: postgresql
  repository: https://truecharts.org/
  version: 1.2.3
- name: redis
  repository: https://charts.bitnami.com/bitnami
  version: 14.8.11
digest: sha256:0e70ad08e8bd5ef4d2d42581e20e3b18ed42c61f59fb1b27888c5d985a89d0df
generated: "2021-08-28T13:03:22.9292337+02:00"
