dependencies:
- name: common
  repository: https://library-charts.truecharts.org
  version: 10.6.4
- name: postgresql
  repository: https://charts.truecharts.org/
  version: 8.0.87
- name: collabora-online
  repository: https://charts.truecharts.org/
  version: 12.1.46
- name: redis
  repository: https://charts.truecharts.org
  version: 3.0.84
digest: sha256:53ab357fd1aec4f7d0e859571cc7a3109102c44e8f2eeb37f10a44b38d0f4a62
generated: "2022-09-27T07:22:58.621215807Z"
