dependencies:
- name: common
  repository: https://library-charts.truecharts.org
  version: 10.6.4
- name: postgresql
  repository: https://charts.truecharts.org/
  version: 8.0.88
- name: collabora-online
  repository: https://charts.truecharts.org/
  version: 12.1.47
- name: redis
  repository: https://charts.truecharts.org
  version: 3.0.85
digest: sha256:b63f1c92a16eb87b455d4c876955a6c70ad6066b8199677b8fb4a103d153001f
generated: "2022-09-27T10:55:21.560352635Z"
