dependencies:
- name: common
  repository: https://charts.bitnami.com/bitnami
  version: 1.3.7
- name: phpmyadmin
  repository: https://charts.bitnami.com/bitnami
  version: 8.0.1
digest: sha256:9368697cb7393aaaba2598417c44c358bd1993946fa596b120b00114b56856ef
generated: "2021-01-30T16:32:04.7224003+01:00"
