dependencies:
- name: common
  repository: https://charts.bitnami.com/bitnami
  version: 1.2.3
- name: phpmyadmin
  repository: https://charts.bitnami.com/bitnami
  version: 8.0.1
digest: sha256:ea91ead494109e80102835f3e595323b34a6672d1a12da7e039ee6dd3d45860c
generated: "2021-01-02T14:24:13.9815172+01:00"
