dependencies:
- name: common
  repository: https://truecharts.org/
  version: 6.13.8
- name: postgresql
  repository: https://truecharts.org/
  version: 1.6.5
- name: redis
  repository: https://charts.bitnami.com/bitnami
  version: 15.3.1
digest: sha256:9b60ad9c2e2d09a112a54fb1b46b836d458abf2f29aa38210bc91f063152e562
generated: "2021-09-08T03:14:13.579086491Z"
