dependencies:
- name: common
  repository: https://truecharts.org/
  version: 2.0.3
- name: postgres-operator-ui
  repository: https://raw.githubusercontent.com/zalando/postgres-operator/master/charts/postgres-operator-ui/
  version: 1.6.2
- name: postgres-operator
  repository: https://raw.githubusercontent.com/zalando/postgres-operator/master/charts/postgres-operator/
  version: 1.6.2
digest: sha256:cda8fe9759e283fe6f9555f1bdd651dd4474422fb054c8610404326991391ee1
generated: "2021-04-10T15:42:33.654814397Z"
