dependencies:
- name: common
  repository: https://library-charts.truecharts.org
  version: 10.5.10
- name: postgresql
  repository: https://charts.truecharts.org/
  version: 8.0.78
digest: sha256:5f90f3b1700a44f84fb7bf8b1c844455aa921e7c3e7d188e5b64e38c51429266
generated: "2022-09-25T21:36:13.449607019Z"
