dependencies:
- name: common
  repository: https://truecharts.org/
  version: 3.5.2
- name: authelia
  repository: https://charts.authelia.com
  version: 0.3.11
- name: postgresql
  repository: https://charts.bitnami.com/bitnami
  version: 10.3.17
digest: sha256:5f9fa19e4cd6fb737c1fbed848ecc69a60c111763117d3a4979d0146a28b28be
generated: "2021-04-18T19:59:46.483162+02:00"
