dependencies:
- name: common
  repository: https://library-charts.truecharts.org
  version: 10.6.4
- name: mariadb
  repository: https://charts.truecharts.org/
  version: 3.0.82
- name: redis
  repository: https://charts.truecharts.org
  version: 3.0.84
digest: sha256:f25e4934e44a18e4e9ec30faa4e3f85708f782f35bcbee19a0248e95ee13f6a4
generated: "2022-09-27T06:53:26.097908322Z"
