dependencies:
- name: common
  repository: https://charts.truecharts.org/
  version: 1.6.2
- name: cert-manager
  repository: https://charts.jetstack.io
  version: v1.2.0
- name: reflector
  repository: https://emberstack.github.io/helm-charts
  version: 5.4.17
digest: sha256:8dfe98bb51fbfdaa6fa28ae916f89d47a1c34502959abcc945953ae2512d626c
generated: "2021-03-02T18:35:14.966038201Z"
