dependencies:
- name: common
  repository: https://charts.truecharts.org/
  version: 1.6.1
- name: cert-manager
  repository: https://charts.jetstack.io
  version: v1.2.0
- name: reflector
  repository: https://emberstack.github.io/helm-charts
  version: 5.4.17
digest: sha256:0cff60ba14a7fa03c781c7aa8bd1fb905f7f771581013f2f7da8e9e1a583cc63
generated: "2021-03-01T18:57:06.838163751Z"
