dependencies:
- name: common
  repository: https://library-charts.truecharts.org
  version: 10.6.4
- name: postgresql
  repository: https://charts.truecharts.org/
  version: 8.0.87
- name: clickhouse
  repository: https://charts.truecharts.org/
  version: 1.0.30
digest: sha256:ae3e83e9d128c9fde2561108274dbb41574fc0d8e1f84d63d2dcb09104d5054a
generated: "2022-09-27T06:32:24.306097513Z"
