dependencies:
- name: common
  repository: https://library-charts.truecharts.org
  version: 10.6.4
- name: postgresql
  repository: https://charts.truecharts.org/
  version: 8.0.88
- name: clickhouse
  repository: https://charts.truecharts.org/
  version: 1.0.31
digest: sha256:944defc4b0c232f8385b25013a942f5fa9966d3836ecbafe3a06d3ded6381fc2
generated: "2022-09-27T10:54:33.042400238Z"
