dependencies:
- name: common
  repository: https://charts.truecharts.org/
  version: 1.3.0
- name: cert-manager
  repository: https://charts.jetstack.io
  version: v1.2.0
- name: reflector
  repository: https://emberstack.github.io/helm-charts
  version: 5.4.17
digest: sha256:a767dc5e0b0e8403b2d3300cd4cd86533ee40ae461f2d6b49fe05e42b0ac4b75
generated: "2021-02-25T16:12:17.1713569+01:00"
