dependencies:
- name: common
  repository: https://truecharts.org/
  version: 2.1.2
- name: postgres-operator-ui
  repository: https://raw.githubusercontent.com/zalando/postgres-operator/master/charts/postgres-operator-ui/
  version: 1.6.2
- name: postgres-operator
  repository: https://raw.githubusercontent.com/zalando/postgres-operator/master/charts/postgres-operator/
  version: 1.6.2
digest: sha256:b5ec29b2b505d880c4dbd5ad7c0bd4a2b237138dedc919d3314095d0bd67bc3d
generated: "2021-04-10T17:01:26.505408094Z"
