dependencies:
- name: common
  repository: https://library-charts.truecharts.org
  version: 10.6.4
- name: postgresql
  repository: https://charts.truecharts.org/
  version: 8.0.87
- name: redis
  repository: https://charts.truecharts.org
  version: 3.0.84
digest: sha256:642a9d2cd426d18926749017af0067acf5f99cd394157c3ba6d794b6acf43646
generated: "2022-09-27T06:55:31.193558388Z"
