dependencies:
- name: common
  repository: https://charts.truecharts.org/
  version: 1.3.1
- name: cert-manager
  repository: https://charts.jetstack.io
  version: v1.2.0
- name: reflector
  repository: https://emberstack.github.io/helm-charts
  version: 5.4.17
digest: sha256:0528e90daddabc1ef8a4d5cfd1db47dd09b78baabc4f01e5d551aceb5228fede
generated: "2021-02-25T17:58:16.167986086Z"
