dependencies:
- name: common
  repository: https://library-charts.truecharts.org
  version: 10.6.1
- name: postgresql
  repository: https://charts.truecharts.org/
  version: 8.0.87
- name: redis
  repository: https://charts.truecharts.org
  version: 3.0.84
digest: sha256:ba7d610ad130027e3bd784a0385d43b82a71d179f471430576d7f2036fa7fea6
generated: "2022-09-25T21:36:28.190367636Z"
