dependencies:
- name: common
  repository: https://truecharts.org/
  version: 2.2.1
- name: postgres-operator-ui
  repository: https://raw.githubusercontent.com/zalando/postgres-operator/master/charts/postgres-operator-ui/
  version: 1.6.2
- name: postgres-operator
  repository: https://raw.githubusercontent.com/zalando/postgres-operator/master/charts/postgres-operator/
  version: 1.6.2
digest: sha256:888947b77cd379251ac2346286ace5b40ab1f8e8c69c22b41e9d75dd2f672f18
generated: "2021-04-12T15:39:07.467482404Z"
