dependencies:
- name: common
  repository: https://library-charts.truecharts.org
  version: 10.6.4
- name: postgresql
  repository: https://charts.truecharts.org/
  version: 8.0.87
- name: memcached
  repository: https://charts.truecharts.org/
  version: 3.0.51
digest: sha256:14676e4cfc5689b5aa10c8f49af8e41c963f2ef05a0687f8a3d71c3a3fd9bc55
generated: "2022-09-26T22:48:12.915321193+03:00"
