dependencies:
- name: common
  repository: https://library-charts.truecharts.org
  version: 10.6.4
- name: postgresql
  repository: https://charts.truecharts.org/
  version: 8.0.87
- name: memcached
  repository: https://charts.truecharts.org/
  version: 3.0.83
digest: sha256:e78c2505e423a27ac67722bc00f9b7b3c6b4522122a6bad1350e15a781371064
generated: "2022-09-27T07:07:40.792886402Z"
