dependencies:
- name: common
  repository: https://library-charts.truecharts.org
  version: 10.6.4
- name: postgresql
  repository: https://charts.truecharts.org/
  version: 8.0.88
- name: memcached
  repository: https://charts.truecharts.org/
  version: 3.0.84
digest: sha256:2fca8b0e04dde51a3f599017ca9b17bf8381f6e7546ed93b0a106c32671009ed
generated: "2022-09-27T11:10:59.011339851Z"
