dependencies:
- name: cert-manager
  repository: https://charts.jetstack.io
  version: v1.1.0
- name: reflector
  repository: https://emberstack.github.io/helm-charts
  version: 5.4.17
digest: sha256:d8d285b3a54353a55240986bee90e651c60e505a4a743c9572d1b646c3e92ccc
generated: "2021-02-09T14:33:16.291936+01:00"
