dependencies:
- name: common
  repository: https://library-charts.truecharts.org
  version: 10.6.4
- name: mariadb
  repository: https://charts.truecharts.org/
  version: 3.0.83
digest: sha256:d1e968f7262a7ed828ee37bd19ce78ce38073a5dcf146babbfc8c79a0ab27bd5
generated: "2022-09-27T11:08:42.519739695Z"
