dependencies:
- name: common
  repository: https://truecharts.org/
  version: 2.0.2
- name: postgres-operator-ui
  repository: https://raw.githubusercontent.com/zalando/postgres-operator/master/charts/postgres-operator-ui/
  version: 1.6.2
- name: postgres-operator
  repository: https://raw.githubusercontent.com/zalando/postgres-operator/master/charts/postgres-operator/
  version: 1.6.2
digest: sha256:b0769cce163a0786257b00dd3a19e7406b56ccba4724666c8819e2af186ce1e4
generated: "2021-04-09T21:00:02.3236431+02:00"
