dependencies:
- name: common
  repository: https://charts.truecharts.org/
  version: 1.6.5
- name: cert-manager
  repository: https://charts.jetstack.io
  version: v1.2.0
- name: reflector
  repository: https://emberstack.github.io/helm-charts
  version: 5.4.17
digest: sha256:f4fb1b58e8c9bbded1672332e97746557c203a9a76284bdb9305703e891ff2f1
generated: "2021-03-03T15:54:36.410179313Z"
