dependencies:
- name: common
  repository: https://truecharts.org/
  version: 2.1.4
- name: postgres-operator-ui
  repository: https://raw.githubusercontent.com/zalando/postgres-operator/master/charts/postgres-operator-ui/
  version: 1.6.2
- name: postgres-operator
  repository: https://raw.githubusercontent.com/zalando/postgres-operator/master/charts/postgres-operator/
  version: 1.6.2
digest: sha256:8ac177b6a7f854b271d0f539140ed17b7c766a2d627ba9aa4588da5916b81605
generated: "2021-04-10T18:24:41.756404965Z"
