dependencies:
- name: common
  repository: https://library-charts.truecharts.org
  version: 10.6.4
- name: node-exporter
  repository: https://charts.bitnami.com/bitnami
  version: 3.1.4
- name: kube-state-metrics
  repository: https://charts.bitnami.com/bitnami
  version: 3.2.3
digest: sha256:799c5b38b632e998385295a1f66495eabae43da9cba24492c5b9c7be6885978b
generated: "2022-09-27T11:13:31.415643756Z"
