dependencies:
- name: common
  repository: https://library-charts.truecharts.org
  version: 10.6.4
- name: mongodb
  repository: https://charts.truecharts.org/
  version: 2.0.21
digest: sha256:de9a29355a2826e8bfeef7c27ac8a9a35979531610eb7cd74d72098507dd1fc7
generated: "2022-09-27T06:25:56.85298488Z"
